
Microsoft Visual Studio Solution File, Format Version 12.00
# Visual Studio Version 17
VisualStudioVersion = 17.8.34330.188
MinimumVisualStudioVersion = 10.0.40219.1
Project("{9A19103F-16F7-4668-BE54-9A1E7A4F7556}") = "MONEY_FLOW_API", "MONEY_FLOW_API\MONEY_FLOW_API.csproj", "{81ACDED7-F1EA-4D8F-9B56-824103707C0B}"
EndProject
Project("{2150E333-8FDC-42A3-9474-1A3956D46DE8}") = "Model", "Model", "{E24C5E19-577B-4C76-85D1-A9679AC5B494}"
EndProject
Project("{2150E333-8FDC-42A3-9474-1A3956D46DE8}") = "Service", "Service", "{72E3183C-C96F-4DE7-AADB-64207876F2DB}"
EndProject
Project("{2150E333-8FDC-42A3-9474-1A3956D46DE8}") = "Repository", "Repository", "{1C8CD0A1-C8C5-46F9-9DB2-BB62AE4F3B6F}"
EndProject
Project("{9A19103F-16F7-4668-BE54-9A1E7A4F7556}") = "MONEY_FLOW_API.IRepository", "MONEY_FLOW_API.IRepository\MONEY_FLOW_API.IRepository.csproj", "{1B4AF782-943E-489D-86F1-46FCEB8B8218}"
EndProject
Project("{9A19103F-16F7-4668-BE54-9A1E7A4F7556}") = "MONEY_FLOW_API.Repository", "MONEY_FLOW_API.Repository\MONEY_FLOW_API.Repository.csproj", "{A6EE30EB-B72A-4E40-96A7-E3C9251FF900}"
EndProject
Project("{9A19103F-16F7-4668-BE54-9A1E7A4F7556}") = "MONEY_FLOW_API.IService", "MONEY_FLOW_API.IService\MONEY_FLOW_API.IService.csproj", "{8FF6EA3B-473A-4E75-910C-3413B0F9D978}"
EndProject
Project("{9A19103F-16F7-4668-BE54-9A1E7A4F7556}") = "MONEY_FLOW_API.Service", "MONEY_FLOW_API.Service\MONEY_FLOW_API.Service.csproj", "{5C81B2D8-BDE4-4942-BE81-3AB490A90B4E}"
EndProject
Project("{9A19103F-16F7-4668-BE54-9A1E7A4F7556}") = "MONEY_FLOW_API.Model", "MONEY_FLOW_API.Model\MONEY_FLOW_API.Model.csproj", "{6743A526-9478-4F6F-97A2-934B2ECB1504}"
EndProject
Global
	GlobalSection(SolutionConfigurationPlatforms) = preSolution
		Debug|Any CPU = Debug|Any CPU
		Release|Any CPU = Release|Any CPU
	EndGlobalSection
	GlobalSection(ProjectConfigurationPlatforms) = postSolution
		{81ACDED7-F1EA-4D8F-9B56-824103707C0B}.Debug|Any CPU.ActiveCfg = Debug|Any CPU
		{81ACDED7-F1EA-4D8F-9B56-824103707C0B}.Debug|Any CPU.Build.0 = Debug|Any CPU
		{81ACDED7-F1EA-4D8F-9B56-824103707C0B}.Release|Any CPU.ActiveCfg = Release|Any CPU
		{81ACDED7-F1EA-4D8F-9B56-824103707C0B}.Release|Any CPU.Build.0 = Release|Any CPU
		{1B4AF782-943E-489D-86F1-46FCEB8B8218}.Debug|Any CPU.ActiveCfg = Debug|Any CPU
		{1B4AF782-943E-489D-86F1-46FCEB8B8218}.Debug|Any CPU.Build.0 = Debug|Any CPU
		{1B4AF782-943E-489D-86F1-46FCEB8B8218}.Release|Any CPU.ActiveCfg = Release|Any CPU
		{1B4AF782-943E-489D-86F1-46FCEB8B8218}.Release|Any CPU.Build.0 = Release|Any CPU
		{A6EE30EB-B72A-4E40-96A7-E3C9251FF900}.Debug|Any CPU.ActiveCfg = Debug|Any CPU
		{A6EE30EB-B72A-4E40-96A7-E3C9251FF900}.Debug|Any CPU.Build.0 = Debug|Any CPU
		{A6EE30EB-B72A-4E40-96A7-E3C9251FF900}.Release|Any CPU.ActiveCfg = Release|Any CPU
		{A6EE30EB-B72A-4E40-96A7-E3C9251FF900}.Release|Any CPU.Build.0 = Release|Any CPU
		{8FF6EA3B-473A-4E75-910C-3413B0F9D978}.Debug|Any CPU.ActiveCfg = Debug|Any CPU
		{8FF6EA3B-473A-4E75-910C-3413B0F9D978}.Debug|Any CPU.Build.0 = Debug|Any CPU
		{8FF6EA3B-473A-4E75-910C-3413B0F9D978}.Release|Any CPU.ActiveCfg = Release|Any CPU
		{8FF6EA3B-473A-4E75-910C-3413B0F9D978}.Release|Any CPU.Build.0 = Release|Any CPU
		{5C81B2D8-BDE4-4942-BE81-3AB490A90B4E}.Debug|Any CPU.ActiveCfg = Debug|Any CPU
		{5C81B2D8-BDE4-4942-BE81-3AB490A90B4E}.Debug|Any CPU.Build.0 = Debug|Any CPU
		{5C81B2D8-BDE4-4942-BE81-3AB490A90B4E}.Release|Any CPU.ActiveCfg = Release|Any CPU
		{5C81B2D8-BDE4-4942-BE81-3AB490A90B4E}.Release|Any CPU.Build.0 = Release|Any CPU
		{6743A526-9478-4F6F-97A2-934B2ECB1504}.Debug|Any CPU.ActiveCfg = Debug|Any CPU
		{6743A526-9478-4F6F-97A2-934B2ECB1504}.Debug|Any CPU.Build.0 = Debug|Any CPU
		{6743A526-9478-4F6F-97A2-934B2ECB1504}.Release|Any CPU.ActiveCfg = Release|Any CPU
		{6743A526-9478-4F6F-97A2-934B2ECB1504}.Release|Any CPU.Build.0 = Release|Any CPU
	EndGlobalSection
	GlobalSection(SolutionProperties) = preSolution
		HideSolutionNode = FALSE
	EndGlobalSection
	GlobalSection(NestedProjects) = preSolution
		{1B4AF782-943E-489D-86F1-46FCEB8B8218} = {1C8CD0A1-C8C5-46F9-9DB2-BB62AE4F3B6F}
		{A6EE30EB-B72A-4E40-96A7-E3C9251FF900} = {1C8CD0A1-C8C5-46F9-9DB2-BB62AE4F3B6F}
		{8FF6EA3B-473A-4E75-910C-3413B0F9D978} = {72E3183C-C96F-4DE7-AADB-64207876F2DB}
		{5C81B2D8-BDE4-4942-BE81-3AB490A90B4E} = {72E3183C-C96F-4DE7-AADB-64207876F2DB}
		{6743A526-9478-4F6F-97A2-934B2ECB1504} = {E24C5E19-577B-4C76-85D1-A9679AC5B494}
	EndGlobalSection
	GlobalSection(ExtensibilityGlobals) = postSolution
		SolutionGuid = {67E476C5-3701-4D6F-ADE2-9A1FB9B56564}
	EndGlobalSection
EndGlobal
